
Microsoft Visual Studio Solution File, Format Version 12.00
# Visual Studio Version 17
VisualStudioVersion = 17.9.34622.214
MinimumVisualStudioVersion = 10.0.40219.1
Project("{FAE04EC0-301F-11D3-BF4B-00C04F79EFBC}") = "DuAnLamQuen", "DuAnLamQuen.csproj", "{667D67A2-B939-4410-8449-D4C6528912DE}"
EndProject
Global
	GlobalSection(SolutionConfigurationPlatforms) = preSolution
		Debug|Any CPU = Debug|Any CPU
		Release|Any CPU = Release|Any CPU
	EndGlobalSection
	GlobalSection(ProjectConfigurationPlatforms) = postSolution
		{667D67A2-B939-4410-8449-D4C6528912DE}.Debug|Any CPU.ActiveCfg = Debug|Any CPU
		{667D67A2-B939-4410-8449-D4C6528912DE}.Debug|Any CPU.Build.0 = Debug|Any CPU
		{667D67A2-B939-4410-8449-D4C6528912DE}.Release|Any CPU.ActiveCfg = Release|Any CPU
		{667D67A2-B939-4410-8449-D4C6528912DE}.Release|Any CPU.Build.0 = Release|Any CPU
	EndGlobalSection
	GlobalSection(SolutionProperties) = preSolution
		HideSolutionNode = FALSE
	EndGlobalSection
	GlobalSection(ExtensibilityGlobals) = postSolution
		SolutionGuid = {CD989E93-550E-469B-8CA4-1D2C54D6960A}
	EndGlobalSection
EndGlobal
